
Microsoft Visual Studio Solution File, Format Version 12.00
# Visual Studio 14
VisualStudioVersion = 14.0.25420.1
MinimumVisualStudioVersion = 10.0.40219.1
Project("{FAE04EC0-301F-11D3-BF4B-00C04F79EFBC}") = "SharpFly", "SharpFly\SharpFly.csproj", "{1C27EE3A-7CA4-45C3-8240-F3CB8597B8E5}"
EndProject
Project("{FAE04EC0-301F-11D3-BF4B-00C04F79EFBC}") = "SharpFly Login", "SharpFly Login\SharpFly Login.csproj", "{918BC6CB-E4A9-452C-A07A-3E729BA149DF}"
EndProject
Project("{FAE04EC0-301F-11D3-BF4B-00C04F79EFBC}") = "SharpFly Cluster", "SharpFly Cluster\SharpFly Cluster.csproj", "{0CF22398-D6C2-4469-A409-9573FFA3831B}"
EndProject
Project("{FAE04EC0-301F-11D3-BF4B-00C04F79EFBC}") = "SharpFly Packet Library", "SharpFly Packet Library\SharpFly Packet Library.csproj", "{9F95E6CD-856E-4A20-9C6B-F0764D0BE513}"
EndProject
Project("{FAE04EC0-301F-11D3-BF4B-00C04F79EFBC}") = "SharpFly Utility Library", "SharpFly Utility Library\SharpFly Utility Library.csproj", "{C362C08B-DE5F-4E35-86E2-17CB64CC53F7}"
EndProject
Project("{FAE04EC0-301F-11D3-BF4B-00C04F79EFBC}") = "SharpFly World", "SharpFly World\SharpFly World.csproj", "{AEC11696-B297-4732-9011-AD3C1B58FF7B}"
EndProject
Global
	GlobalSection(SolutionConfigurationPlatforms) = preSolution
		Debug|Any CPU = Debug|Any CPU
		Release|Any CPU = Release|Any CPU
	EndGlobalSection
	GlobalSection(ProjectConfigurationPlatforms) = postSolution
		{1C27EE3A-7CA4-45C3-8240-F3CB8597B8E5}.Debug|Any CPU.ActiveCfg = Debug|Any CPU
		{1C27EE3A-7CA4-45C3-8240-F3CB8597B8E5}.Debug|Any CPU.Build.0 = Debug|Any CPU
		{1C27EE3A-7CA4-45C3-8240-F3CB8597B8E5}.Release|Any CPU.ActiveCfg = Release|Any CPU
		{1C27EE3A-7CA4-45C3-8240-F3CB8597B8E5}.Release|Any CPU.Build.0 = Release|Any CPU
		{918BC6CB-E4A9-452C-A07A-3E729BA149DF}.Debug|Any CPU.ActiveCfg = Debug|Any CPU
		{918BC6CB-E4A9-452C-A07A-3E729BA149DF}.Debug|Any CPU.Build.0 = Debug|Any CPU
		{918BC6CB-E4A9-452C-A07A-3E729BA149DF}.Release|Any CPU.ActiveCfg = Release|Any CPU
		{918BC6CB-E4A9-452C-A07A-3E729BA149DF}.Release|Any CPU.Build.0 = Release|Any CPU
		{0CF22398-D6C2-4469-A409-9573FFA3831B}.Debug|Any CPU.ActiveCfg = Debug|Any CPU
		{0CF22398-D6C2-4469-A409-9573FFA3831B}.Debug|Any CPU.Build.0 = Debug|Any CPU
		{0CF22398-D6C2-4469-A409-9573FFA3831B}.Release|Any CPU.ActiveCfg = Release|Any CPU
		{0CF22398-D6C2-4469-A409-9573FFA3831B}.Release|Any CPU.Build.0 = Release|Any CPU
		{9F95E6CD-856E-4A20-9C6B-F0764D0BE513}.Debug|Any CPU.ActiveCfg = Debug|Any CPU
		{9F95E6CD-856E-4A20-9C6B-F0764D0BE513}.Debug|Any CPU.Build.0 = Debug|Any CPU
		{9F95E6CD-856E-4A20-9C6B-F0764D0BE513}.Release|Any CPU.ActiveCfg = Release|Any CPU
		{9F95E6CD-856E-4A20-9C6B-F0764D0BE513}.Release|Any CPU.Build.0 = Release|Any CPU
		{C362C08B-DE5F-4E35-86E2-17CB64CC53F7}.Debug|Any CPU.ActiveCfg = Debug|Any CPU
		{C362C08B-DE5F-4E35-86E2-17CB64CC53F7}.Debug|Any CPU.Build.0 = Debug|Any CPU
		{C362C08B-DE5F-4E35-86E2-17CB64CC53F7}.Release|Any CPU.ActiveCfg = Release|Any CPU
		{C362C08B-DE5F-4E35-86E2-17CB64CC53F7}.Release|Any CPU.Build.0 = Release|Any CPU
		{AEC11696-B297-4732-9011-AD3C1B58FF7B}.Debug|Any CPU.ActiveCfg = Debug|Any CPU
		{AEC11696-B297-4732-9011-AD3C1B58FF7B}.Debug|Any CPU.Build.0 = Debug|Any CPU
		{AEC11696-B297-4732-9011-AD3C1B58FF7B}.Release|Any CPU.ActiveCfg = Release|Any CPU
		{AEC11696-B297-4732-9011-AD3C1B58FF7B}.Release|Any CPU.Build.0 = Release|Any CPU
	EndGlobalSection
	GlobalSection(SolutionProperties) = preSolution
		HideSolutionNode = FALSE
	EndGlobalSection
EndGlobal
